
Microsoft Visual Studio Solution File, Format Version 12.00
Project("{2150E333-8FDC-42A3-9474-1A3956D46DE8}") = "src", "src", "{4081EAEA-41AB-4256-9068-D67778693A00}"
EndProject
Project("{2150E333-8FDC-42A3-9474-1A3956D46DE8}") = "Services", "Services", "{5CCE0037-6D77-4671-AC97-40BC88D87DB8}"
EndProject
Project("{2150E333-8FDC-42A3-9474-1A3956D46DE8}") = "Web", "Web", "{99011BE7-2AB4-4547-A32C-B411A5925171}"
EndProject
Project("{FAE04EC0-301F-11D3-BF4B-00C04F79EFBC}") = "Phrases.Api", "src\Services\Phrases.Api\Phrases.Api.csproj", "{18C3B852-23C3-4821-AC53-F3C9123ADBF1}"
EndProject
Project("{FAE04EC0-301F-11D3-BF4B-00C04F79EFBC}") = "Images.Api", "src\Services\Images.Api\Images.Api.csproj", "{7E42A6D1-77AE-4757-8426-9E8023119A8A}"
EndProject
Project("{FAE04EC0-301F-11D3-BF4B-00C04F79EFBC}") = "BlazorApp1", "src\Web\BlazorApp1\BlazorApp1.csproj", "{1A9F8EEF-59F0-4D7B-807D-B76B007246ED}"
EndProject
Global
	GlobalSection(SolutionConfigurationPlatforms) = preSolution
		Debug|Any CPU = Debug|Any CPU
		Release|Any CPU = Release|Any CPU
	EndGlobalSection
	GlobalSection(NestedProjects) = preSolution
		{5CCE0037-6D77-4671-AC97-40BC88D87DB8} = {4081EAEA-41AB-4256-9068-D67778693A00}
		{99011BE7-2AB4-4547-A32C-B411A5925171} = {4081EAEA-41AB-4256-9068-D67778693A00}
		{18C3B852-23C3-4821-AC53-F3C9123ADBF1} = {5CCE0037-6D77-4671-AC97-40BC88D87DB8}
		{7E42A6D1-77AE-4757-8426-9E8023119A8A} = {5CCE0037-6D77-4671-AC97-40BC88D87DB8}
		{1A9F8EEF-59F0-4D7B-807D-B76B007246ED} = {99011BE7-2AB4-4547-A32C-B411A5925171}
	EndGlobalSection
	GlobalSection(ProjectConfigurationPlatforms) = postSolution
		{18C3B852-23C3-4821-AC53-F3C9123ADBF1}.Debug|Any CPU.ActiveCfg = Debug|Any CPU
		{18C3B852-23C3-4821-AC53-F3C9123ADBF1}.Debug|Any CPU.Build.0 = Debug|Any CPU
		{18C3B852-23C3-4821-AC53-F3C9123ADBF1}.Release|Any CPU.ActiveCfg = Release|Any CPU
		{18C3B852-23C3-4821-AC53-F3C9123ADBF1}.Release|Any CPU.Build.0 = Release|Any CPU
		{7E42A6D1-77AE-4757-8426-9E8023119A8A}.Debug|Any CPU.ActiveCfg = Debug|Any CPU
		{7E42A6D1-77AE-4757-8426-9E8023119A8A}.Debug|Any CPU.Build.0 = Debug|Any CPU
		{7E42A6D1-77AE-4757-8426-9E8023119A8A}.Release|Any CPU.ActiveCfg = Release|Any CPU
		{7E42A6D1-77AE-4757-8426-9E8023119A8A}.Release|Any CPU.Build.0 = Release|Any CPU
		{1A9F8EEF-59F0-4D7B-807D-B76B007246ED}.Debug|Any CPU.ActiveCfg = Debug|Any CPU
		{1A9F8EEF-59F0-4D7B-807D-B76B007246ED}.Debug|Any CPU.Build.0 = Debug|Any CPU
		{1A9F8EEF-59F0-4D7B-807D-B76B007246ED}.Release|Any CPU.ActiveCfg = Release|Any CPU
		{1A9F8EEF-59F0-4D7B-807D-B76B007246ED}.Release|Any CPU.Build.0 = Release|Any CPU
	EndGlobalSection
EndGlobal
